# requirements.lock — generated by: pip freeze > requirements.lock
# Run on: WSL2 Ubuntu 22.04, Python 3.11
# Last updated: 2026-03-27
#
# PURPOSE: Reproducible installs for CI and development.
# Regenerate after any requirements.txt change:
#   pip install -r requirements.txt
#   pip freeze > requirements.lock
#
# NOTE: pysctp will not appear here on non-Linux — that is expected.
# It is installed separately on Linux only.
#
# TODO: Populate this file after first successful install on WSL2.
# Until then, requirements.txt pins are sufficient.
